// !$*UTF8*$!
{
	archiveVersion = 1;
	classes = {
	};
	objectVersion = 46;
	objects = {

/* Begin PBXBuildFile section */
		63CBD80B1B3852A6005E36C4 /* AppDelegate.swift in Sources */ = {isa = PBXBuildFile; fileRef = 63CBD80A1B3852A6005E36C4 /* AppDelegate.swift */; };
		63CBD80D1B3852A6005E36C4 /* ViewController.swift in Sources */ = {isa = PBXBuildFile; fileRef = 63CBD80C1B3852A6005E36C4 /* ViewController.swift */; };
		63CBD8101B3852A6005E36C4 /* Main.storyboard in Resources */ = {isa = PBXBuildFile; fileRef = 63CBD80E1B3852A6005E36C4 /* Main.storyboard */; };
		63CBD8121B3852A6005E36C4 /* Images.xcassets in Resources */ = {isa = PBXBuildFile; fileRef = 63CBD8111B3852A6005E36C4 /* Images.xcassets */; };
		63CBD8151B3852A6005E36C4 /* LaunchScreen.xib in Resources */ = {isa = PBXBuildFile; fileRef = 63CBD8131B3852A6005E36C4 /* LaunchScreen.xib */; };
		63CBD8211B3852A6005E36C4 /* gradientClassTests.swift in Sources */ = {isa = PBXBuildFile; fileRef = 63CBD8201B3852A6005E36C4 /* gradientClassTests.swift */; };
/* End PBXBuildFile section */

/* Begin PBXContainerItemProxy section */
		63CBD81B1B3852A6005E36C4 /* PBXContainerItemProxy */ = {
			isa = PBXContainerItemProxy;
			containerPortal = 63CBD7FD1B3852A6005E36C4 /* Project object */;
			proxyType = 1;
			remoteGlobalIDString = 63CBD8041B3852A6005E36C4;
			remoteInfo = gradientClass;
		};
/* End PBXContainerItemProxy section */

/* Begin PBXFileReference section */
		63CBD8051B3852A6005E36C4 /* gradientClass.app */ = {isa = PBXFileReference; explicitFileType = wrapper.application; includeInIndex = 0; path = gradientClass.app; sourceTree = BUILT_PRODUCTS_DIR; };
		63CBD8091B3852A6005E36C4 /* Info.plist */ = {isa = PBXFileReference; lastKnownFileType = text.plist.xml; path = Info.plist; sourceTree = "<group>"; };
		63CBD80A1B3852A6005E36C4 /* AppDelegate.swift */ = {isa = PBXFileReference; lastKnownFileType = sourcecode.swift; path = AppDelegate.swift; sourceTree = "<group>"; };
		63CBD80C1B3852A6005E36C4 /* ViewController.swift */ = {isa = PBXFileReference; lastKnownFileType = sourcecode.swift; path = ViewController.swift; sourceTree = "<group>"; };
		63CBD80F1B3852A6005E36C4 /* Base */ = {isa = PBXFileReference; lastKnownFileType = file.storyboard; name = Base; path = Base.lproj/Main.storyboard; sourceTree = "<group>"; };
		63CBD8111B3852A6005E36C4 /* Images.xcassets */ = {isa = PBXFileReference; lastKnownFileType = folder.assetcatalog; path = Images.xcassets; sourceTree = "<group>"; };
		63CBD8141B3852A6005E36C4 /* Base */ = {isa = PBXFileReference; lastKnownFileType = file.xib; name = Base; path = Base.lproj/LaunchScreen.xib; sourceTree = "<group>"; };
		63CBD81A1B3852A6005E36C4 /* gradientClassTests.xctest */ = {isa = PBXFileReference; explicitFileType = wrapper.cfbundle; includeInIndex = 0; path = gradientClassTests.xctest; sourceTree = BUILT_PRODUCTS_DIR; };
		63CBD81F1B3852A6005E36C4 /* Info.plist */ = {isa = PBXFileReference; lastKnownFileType = text.plist.xml; path = Info.plist; sourceTree = "<group>"; };
		63CBD8201B3852A6005E36C4 /* gradientClassTests.swift */ = {isa = PBXFileReference; lastKnownFileType = sourcecode.swift; path = gradientClassTests.swift; sourceTree = "<group>"; };
/* End PBXFileReference section */

/* Begin PBXFrameworksBuildPhase section */
		63CBD8021B3852A6005E36C4 /* Frameworks */ = {
			isa = PBXFrameworksBuildPhase;
			buildActionMask = 2147483647;
			files = (
			);
			runOnlyForDeploymentPostprocessing = 0;
		};
		63CBD8171B3852A6005E36C4 /* Frameworks */ = {
			isa = PBXFrameworksBuildPhase;
			buildActionMask = 2147483647;
			files = (
			);
			runOnlyForDeploymentPostprocessing = 0;
		};
/* End PBXFrameworksBuildPhase section */

/* Begin PBXGroup section */
		63CBD7FC1B3852A6005E36C4 = {
			isa = PBXGroup;
			children = (
				63CBD8071B3852A6005E36C4 /* gradientClass */,
				63CBD81D1B3852A6005E36C4 /* gradientClassTests */,
				63CBD8061B3852A6005E36C4 /* Products */,
			);
			sourceTree = "<group>";
		};
		63CBD8061B3852A6005E36C4 /* Products */ = {
			isa = PBXGroup;
			children = (
				63CBD8051B3852A6005E36C4 /* gradientClass.app */,
				63CBD81A1B3852A6005E36C4 /* gradientClassTests.xctest */,
			);
			name = Products;
			sourceTree = "<group>";
		};
		63CBD8071B3852A6005E36C4 /* gradientClass */ = {
			isa = PBXGroup;
			children = (
				63CBD80A1B3852A6005E36C4 /* AppDelegate.swift */,
				63CBD80C1B3852A6005E36C4 /* ViewController.swift */,
				63CBD80E1B3852A6005E36C4 /* Main.storyboard */,
				63CBD8111B3852A6005E36C4 /* Images.xcassets */,
				63CBD8131B3852A6005E36C4 /* LaunchScreen.xib */,
				63CBD8081B3852A6005E36C4 /* Supporting Files */,
			);
			path = gradientClass;
			sourceTree = "<group>";
		};
		63CBD8081B3852A6005E36C4 /* Supporting Files */ = {
			isa = PBXGroup;
			children = (
				63CBD8091B3852A6005E36C4 /* Info.plist */,
			);
			name = "Supporting Files";
			sourceTree = "<group>";
		};
		63CBD81D1B3852A6005E36C4 /* gradientClassTests */ = {
			isa = PBXGroup;
			children = (
				63CBD8201B3852A6005E36C4 /* gradientClassTests.swift */,
				63CBD81E1B3852A6005E36C4 /* Supporting Files */,
			);
			path = gradientClassTests;
			sourceTree = "<group>";
		};
		63CBD81E1B3852A6005E36C4 /* Supporting Files */ = {
			isa = PBXGroup;
			children = (
				63CBD81F1B3852A6005E36C4 /* Info.plist */,
			);
			name = "Supporting Files";
			sourceTree = "<group>";
		};
/* End PBXGroup section */

/* Begin PBXNativeTarget section */
		63CBD8041B3852A6005E36C4 /* gradientClass */ = {
			isa = PBXNativeTarget;
			buildConfigurationList = 63CBD8241B3852A6005E36C4 /* Build configuration list for PBXNativeTarget "gradientClass" */;
			buildPhases = (
				63CBD8011B3852A6005E36C4 /* Sources */,
				63CBD8021B3852A6005E36C4 /* Frameworks */,
				63CBD8031B3852A6005E36C4 /* Resources */,
			);
			buildRules = (
			);
			dependencies = (
			);
			name = gradientClass;
			productName = gradientClass;
			productReference = 63CBD8051B3852A6005E36C4 /* gradientClass.app */;
			productType = "com.apple.product-type.application";
		};
		63CBD8191B3852A6005E36C4 /* gradientClassTests */ = {
			isa = PBXNativeTarget;
			buildConfigurationList = 63CBD8271B3852A6005E36C4 /* Build configuration list for PBXNativeTarget "gradientClassTests" */;
			buildPhases = (
				63CBD8161B3852A6005E36C4 /* Sources */,
				63CBD8171B3852A6005E36C4 /* Frameworks */,
				63CBD8181B3852A6005E36C4 /* Resources */,
			);
			buildRules = (
			);
			dependencies = (
				63CBD81C1B3852A6005E36C4 /* PBXTargetDependency */,
			);
			name = gradientClassTests;
			productName = gradientClassTests;
			productReference = 63CBD81A1B3852A6005E36C4 /* gradientClassTests.xctest */;
			productType = "com.apple.product-type.bundle.unit-test";
		};
/* End PBXNativeTarget section */

/* Begin PBXProject section */
		63CBD7FD1B3852A6005E36C4 /* Project object */ = {
			isa = PBXProject;
			attributes = {
				LastUpgradeCheck = 0630;
				ORGANIZATIONNAME = "Gavin Thompson";
				TargetAttributes = {
					63CBD8041B3852A6005E36C4 = {
						CreatedOnToolsVersion = 6.3.2;
					};
					63CBD8191B3852A6005E36C4 = {
						CreatedOnToolsVersion = 6.3.2;
						TestTargetID = 63CBD8041B3852A6005E36C4;
					};
				};
			};
			buildConfigurationList = 63CBD8001B3852A6005E36C4 /* Build configuration list for PBXProject "gradientClass" */;
			compatibilityVersion = "Xcode 3.2";
			developmentRegion = English;
			hasScannedForEncodings = 0;
			knownRegions = (
				en,
				Base,
			);
			mainGroup = 63CBD7FC1B3852A6005E36C4;
			productRefGroup = 63CBD8061B3852A6005E36C4 /* Products */;
			projectDirPath = "";
			projectRoot = "";
			targets = (
				63CBD8041B3852A6005E36C4 /* gradientClass */,
				63CBD8191B3852A6005E36C4 /* gradientClassTests */,
			);
		};
/* End PBXProject section */

/* Begin PBXResourcesBuildPhase section */
		63CBD8031B3852A6005E36C4 /* Resources */ = {
			isa = PBXResourcesBuildPhase;
			buildActionMask = 2147483647;
			files = (
				63CBD8101B3852A6005E36C4 /* Main.storyboard in Resources */,
				63CBD8151B3852A6005E36C4 /* LaunchScreen.xib in Resources */,
				63CBD8121B3852A6005E36C4 /* Images.xcassets in Resources */,
			);
			runOnlyForDeploymentPostprocessing = 0;
		};
		63CBD8181B3852A6005E36C4 /* Resources */ = {
			isa = PBXResourcesBuildPhase;
			buildActionMask = 2147483647;
			files = (
			);
			runOnlyForDeploymentPostprocessing = 0;
		};
/* End PBXResourcesBuildPhase section */

/* Begin PBXSourcesBuildPhase section */
		63CBD8011B3852A6005E36C4 /* Sources */ = {
			isa = PBXSourcesBuildPhase;
			buildActionMask = 2147483647;
			files = (
				63CBD80D1B3852A6005E36C4 /* ViewController.swift in Sources */,
				63CBD80B1B3852A6005E36C4 /* AppDelegate.swift in Sources */,
			);
			runOnlyForDeploymentPostprocessing = 0;
		};
		63CBD8161B3852A6005E36C4 /* Sources */ = {
			isa = PBXSourcesBuildPhase;
			buildActionMask = 2147483647;
			files = (
				63CBD8211B3852A6005E36C4 /* gradientClassTests.swift in Sources */,
			);
			runOnlyForDeploymentPostprocessing = 0;
		};
/* End PBXSourcesBuildPhase section */

/* Begin PBXTargetDependency section */
		63CBD81C1B3852A6005E36C4 /* PBXTargetDependency */ = {
			isa = PBXTargetDependency;
			target = 63CBD8041B3852A6005E36C4 /* gradientClass */;
			targetProxy = 63CBD81B1B3852A6005E36C4 /* PBXContainerItemProxy */;
		};
/* End PBXTargetDependency section */

/* Begin PBXVariantGroup section */
		63CBD80E1B3852A6005E36C4 /* Main.storyboard */ = {
			isa = PBXVariantGroup;
			children = (
				63CBD80F1B3852A6005E36C4 /* Base */,
			);
			name = Main.storyboard;
			sourceTree = "<group>";
		};
		63CBD8131B3852A6005E36C4 /* LaunchScreen.xib */ = {
			isa = PBXVariantGroup;
			children = (
				63CBD8141B3852A6005E36C4 /* Base */,
			);
			name = LaunchScreen.xib;
			sourceTree = "<group>";
		};
/* End PBXVariantGroup section */

/* Begin XCBuildConfiguration section */
		63CBD8221B3852A6005E36C4 /* Debug */ = {
			isa = XCBuildConfiguration;
			buildSettings = {
				ALWAYS_SEARCH_USER_PATHS = NO;
				CLANG_CXX_LANGUAGE_STANDARD = "gnu++0x";
				CLANG_CXX_LIBRARY = "libc++";
				CLANG_ENABLE_MODULES = YES;
				CLANG_ENABLE_OBJC_ARC = YES;
				CLANG_WARN_BOOL_CONVERSION = YES;
				CLANG_WARN_CONSTANT_CONVERSION = YES;
				CLANG_WARN_DIRECT_OBJC_ISA_USAGE = YES_ERROR;
				CLANG_WARN_EMPTY_BODY = YES;
				CLANG_WARN_ENUM_CONVERSION = YES;
				CLANG_WARN_INT_CONVERSION = YES;
				CLANG_WARN_OBJC_ROOT_CLASS = YES_ERROR;
				CLANG_WARN_UNREACHABLE_CODE = YES;
				CLANG_WARN__DUPLICATE_METHOD_MATCH = YES;
				"CODE_SIGN_IDENTITY[sdk=iphoneos*]" = "iPhone Developer";
				COPY_PHASE_STRIP = NO;
				DEBUG_INFORMATION_FORMAT = "dwarf-with-dsym";
				ENABLE_STRICT_OBJC_MSGSEND = YES;
				GCC_C_LANGUAGE_STANDARD = gnu99;
				GCC_DYNAMIC_NO_PIC = NO;
				GCC_NO_COMMON_BLOCKS = YES;
				GCC_OPTIMIZATION_LEVEL = 0;
				GCC_PREPROCESSOR_DEFINITIONS = (
					"DEBUG=1",
					"$(inherited)",
				);
				GCC_SYMBOLS_PRIVATE_EXTERN = NO;
				GCC_WARN_64_TO_32_BIT_CONVERSION = YES;
				GCC_WARN_ABOUT_RETURN_TYPE = YES_ERROR;
				GCC_WARN_UNDECLARED_SELECTOR = YES;
				GCC_WARN_UNINITIALIZED_AUTOS = YES_AGGRESSIVE;
				GCC_WARN_UNUSED_FUNCTION = YES;
				GCC_WARN_UNUSED_VARIABLE = YES;
				IPHONEOS_DEPLOYMENT_TARGET = 8.3;
				MTL_ENABLE_DEBUG_INFO = YES;
				ONLY_ACTIVE_ARCH = YES;
				SDKROOT = iphoneos;
				SWIFT_OPTIMIZATION_LEVEL = "-Onone";
			};
			name = Debug;
		};
		63CBD8231B3852A6005E36C4 /* Release */ = {
			isa = XCBuildConfiguration;
			buildSettings = {
				ALWAYS_SEARCH_USER_PATHS = NO;
				CLANG_CXX_LANGUAGE_STANDARD = "gnu++0x";
				CLANG_CXX_LIBRARY = "libc++";
				CLANG_ENABLE_MODULES = YES;
				CLANG_ENABLE_OBJC_ARC = YES;
				CLANG_WARN_BOOL_CONVERSION = YES;
				CLANG_WARN_CONSTANT_CONVERSION = YES;
				CLANG_WARN_DIRECT_OBJC_ISA_USAGE = YES_ERROR;
				CLANG_WARN_EMPTY_BODY = YES;
				CLANG_WARN_ENUM_CONVERSION = YES;
				CLANG_WARN_INT_CONVERSION = YES;
				CLANG_WARN_OBJC_ROOT_CLASS = YES_ERROR;
				CLANG_WARN_UNREACHABLE_CODE = YES;
				CLANG_WARN__DUPLICATE_METHOD_MATCH = YES;
				"CODE_SIGN_IDENTITY[sdk=iphoneos*]" = "iPhone Developer";
				COPY_PHASE_STRIP = NO;
				DEBUG_INFORMATION_FORMAT = "dwarf-with-dsym";
				ENABLE_NS_ASSERTIONS = NO;
				ENABLE_STRICT_OBJC_MSGSEND = YES;
				GCC_C_LANGUAGE_STANDARD = gnu99;
				GCC_NO_COMMON_BLOCKS = YES;
				GCC_WARN_64_TO_32_BIT_CONVERSION = YES;
				GCC_WARN_ABOUT_RETURN_TYPE = YES_ERROR;
				GCC_WARN_UNDECLARED_SELECTOR = YES;
				GCC_WARN_UNINITIALIZED_AUTOS = YES_AGGRESSIVE;
				GCC_WARN_UNUSED_FUNCTION = YES;
				GCC_WARN_UNUSED_VARIABLE = YES;
				IPHONEOS_DEPLOYMENT_TARGET = 8.3;
				MTL_ENABLE_DEBUG_INFO = NO;
				SDKROOT = iphoneos;
				VALIDATE_PRODUCT = YES;
			};
			name = Release;
		};
		63CBD8251B3852A6005E36C4 /* Debug */ = {
			isa = XCBuildConfiguration;
			buildSettings = {
				ASSETCATALOG_COMPILER_APPICON_NAME = AppIcon;
				INFOPLIST_FILE = gradientClass/Info.plist;
				LD_RUNPATH_SEARCH_PATHS = "$(inherited) @executable_path/Frameworks";
				PRODUCT_NAME = "$(TARGET_NAME)";
			};
			name = Debug;
		};
		63CBD8261B3852A6005E36C4 /* Release */ = {
			isa = XCBuildConfiguration;
			buildSettings = {
				ASSETCATALOG_COMPILER_APPICON_NAME = AppIcon;
				INFOPLIST_FILE = gradientClass/Info.plist;
				LD_RUNPATH_SEARCH_PATHS = "$(inherited) @executable_path/Frameworks";
				PRODUCT_NAME = "$(TARGET_NAME)";
			};
			name = Release;
		};
		63CBD8281B3852A6005E36C4 /* Debug */ = {
			isa = XCBuildConfiguration;
			buildSettings = {
				BUNDLE_LOADER = "$(TEST_HOST)";
				FRAMEWORK_SEARCH_PATHS = (
					"$(SDKROOT)/Developer/Library/Frameworks",
					"$(inherited)",
				);
				GCC_PREPROCESSOR_DEFINITIONS = (
					"DEBUG=1",
					"$(inherited)",
				);
				INFOPLIST_FILE = gradientClassTests/Info.plist;
				LD_RUNPATH_SEARCH_PATHS = "$(inherited) @executable_path/Frameworks @loader_path/Frameworks";
				PRODUCT_NAME = "$(TARGET_NAME)";
				TEST_HOST = "$(BUILT_PRODUCTS_DIR)/gradientClass.app/gradientClass";
			};
			name = Debug;
		};
		63CBD8291B3852A6005E36C4 /* Release */ = {
			isa = XCBuildConfiguration;
			buildSettings = {
				BUNDLE_LOADER = "$(TEST_HOST)";
				FRAMEWORK_SEARCH_PATHS = (
					"$(SDKROOT)/Developer/Library/Frameworks",
					"$(inherited)",
				);
				INFOPLIST_FILE = gradientClassTests/Info.plist;
				LD_RUNPATH_SEARCH_PATHS = "$(inherited) @executable_path/Frameworks @loader_path/Frameworks";
				PRODUCT_NAME = "$(TARGET_NAME)";
				TEST_HOST = "$(BUILT_PRODUCTS_DIR)/gradientClass.app/gradientClass";
			};
			name = Release;
		};
/* End XCBuildConfiguration section */

/* Begin XCConfigurationList section */
		63CBD8001B3852A6005E36C4 /* Build configuration list for PBXProject "gradientClass" */ = {
			isa = XCConfigurationList;
			buildConfigurations = (
				63CBD8221B3852A6005E36C4 /* Debug */,
				63CBD8231B3852A6005E36C4 /* Release */,
			);
			defaultConfigurationIsVisible = 0;
			defaultConfigurationName = Release;
		};
		63CBD8241B3852A6005E36C4 /* Build configuration list for PBXNativeTarget "gradientClass" */ = {
			isa = XCConfigurationList;
			buildConfigurations = (
				63CBD8251B3852A6005E36C4 /* Debug */,
				63CBD8261B3852A6005E36C4 /* Release */,
			);
			defaultConfigurationIsVisible = 0;
		};
		63CBD8271B3852A6005E36C4 /* Build configuration list for PBXNativeTarget "gradientClassTests" */ = {
			isa = XCConfigurationList;
			buildConfigurations = (
				63CBD8281B3852A6005E36C4 /* Debug */,
				63CBD8291B3852A6005E36C4 /* Release */,
			);
			defaultConfigurationIsVisible = 0;
		};
/* End XCConfigurationList section */
	};
	rootObject = 63CBD7FD1B3852A6005E36C4 /* Project object */;
}
